{
  "requires": true,
  "lockfileVersion": 1,
  "dependencies": {
    "modapp": {
      "version": "2.3.3",
      "resolved": "https://registry.npmjs.org/modapp/-/modapp-2.3.3.tgz",
      "integrity": "sha512-t51KjMET5iRlpBH6epCPQ+vVIIRMUVaIPkkgzuSelommnNU3MWBVz3LX7bPlC6gN6nSW31qEvdiF2GW4R45LVw==",
      "requires": {
        "modapp-utils": "^1.2.1"
      }
    },
    "modapp-utils": {
      "version": "1.2.1",
      "resolved": "https://registry.npmjs.org/modapp-utils/-/modapp-utils-1.2.1.tgz",
      "integrity": "sha512-prtYSa/fIzRJBxGVy2ILYgzWSKINcDtEKqDBYTkethJgPlrvZvgnKMl/9Ygi5npv/F2idoaT1wTdwcAeVKBtaw=="
    },
    "resclient": {
      "version": "2.0.5",
      "resolved": "https://registry.npmjs.org/resclient/-/resclient-2.0.5.tgz",
      "integrity": "sha512-EdM77h+kPiFWkuQlaAjFWMLZX++iqhCE0CN1GgOriMx+ne7Y69ZKn5pAbUHIlQ+rXRriqRO9RhSwSJvtrFwVzA==",
      "requires": {
        "modapp": "^2.3.3",
        "modapp-utils": "^1.2.1"
      }
    }
  }
}
